
Microsoft Visual Studio Solution File, Format Version 12.00
# Visual Studio Version 17
VisualStudioVersion = 17.5.33516.290
MinimumVisualStudioVersion = 10.0.40219.1
Project("{8BC9CEB8-8B4A-11D0-8D11-00A0C91BC942}") = "Compulsory2Math", "OpenGLSession0\OpenGLSession0.vcxproj", "{FEBCD378-4DD7-465C-A036-86690879F075}"
EndProject
Global
	GlobalSection(SolutionConfigurationPlatforms) = preSolution
		Debug|x64 = Debug|x64
		Debug|x86 = Debug|x86
		Release|x64 = Release|x64
		Release|x86 = Release|x86
	EndGlobalSection
	GlobalSection(ProjectConfigurationPlatforms) = postSolution
		{FEBCD378-4DD7-465C-A036-86690879F075}.Debug|x64.ActiveCfg = Debug|x64
		{FEBCD378-4DD7-465C-A036-86690879F075}.Debug|x64.Build.0 = Debug|x64
		{FEBCD378-4DD7-465C-A036-86690879F075}.Debug|x86.ActiveCfg = Debug|Win32
		{FEBCD378-4DD7-465C-A036-86690879F075}.Debug|x86.Build.0 = Debug|Win32
		{FEBCD378-4DD7-465C-A036-86690879F075}.Release|x64.ActiveCfg = Release|x64
		{FEBCD378-4DD7-465C-A036-86690879F075}.Release|x64.Build.0 = Release|x64
		{FEBCD378-4DD7-465C-A036-86690879F075}.Release|x86.ActiveCfg = Release|Win32
		{FEBCD378-4DD7-465C-A036-86690879F075}.Release|x86.Build.0 = Release|Win32
	EndGlobalSection
	GlobalSection(SolutionProperties) = preSolution
		HideSolutionNode = FALSE
	EndGlobalSection
	GlobalSection(ExtensibilityGlobals) = postSolution
		SolutionGuid = {6D838447-385D-4B22-BC79-87B1692E26FA}
	EndGlobalSection
EndGlobal
